
Microsoft Visual Studio Solution File, Format Version 12.00
# Visual Studio Version 17
VisualStudioVersion = 17.11.35312.102
MinimumVisualStudioVersion = 10.0.40219.1
Project("{FAE04EC0-301F-11D3-BF4B-00C04F79EFBC}") = "KanbanApp.Server", "KanbanApp.Server\KanbanApp.Server.csproj", "{322D4481-D8D8-43FB-9894-D8CF8C8955EB}"
EndProject
Project("{54A90642-561A-4BB1-A94E-469ADEE60C69}") = "kanbanapp.client", "kanbanapp.client\kanbanapp.client.esproj", "{C6545284-1CE9-4341-910B-DBD3F08F5968}"
EndProject
Global
	GlobalSection(SolutionConfigurationPlatforms) = preSolution
		Debug|Any CPU = Debug|Any CPU
		Release|Any CPU = Release|Any CPU
	EndGlobalSection
	GlobalSection(ProjectConfigurationPlatforms) = postSolution
		{322D4481-D8D8-43FB-9894-D8CF8C8955EB}.Debug|Any CPU.ActiveCfg = Debug|Any CPU
		{322D4481-D8D8-43FB-9894-D8CF8C8955EB}.Debug|Any CPU.Build.0 = Debug|Any CPU
		{322D4481-D8D8-43FB-9894-D8CF8C8955EB}.Release|Any CPU.ActiveCfg = Release|Any CPU
		{322D4481-D8D8-43FB-9894-D8CF8C8955EB}.Release|Any CPU.Build.0 = Release|Any CPU
		{C6545284-1CE9-4341-910B-DBD3F08F5968}.Debug|Any CPU.ActiveCfg = Debug|Any CPU
		{C6545284-1CE9-4341-910B-DBD3F08F5968}.Debug|Any CPU.Build.0 = Debug|Any CPU
		{C6545284-1CE9-4341-910B-DBD3F08F5968}.Debug|Any CPU.Deploy.0 = Debug|Any CPU
		{C6545284-1CE9-4341-910B-DBD3F08F5968}.Release|Any CPU.ActiveCfg = Release|Any CPU
		{C6545284-1CE9-4341-910B-DBD3F08F5968}.Release|Any CPU.Build.0 = Release|Any CPU
		{C6545284-1CE9-4341-910B-DBD3F08F5968}.Release|Any CPU.Deploy.0 = Release|Any CPU
	EndGlobalSection
	GlobalSection(SolutionProperties) = preSolution
		HideSolutionNode = FALSE
	EndGlobalSection
	GlobalSection(ExtensibilityGlobals) = postSolution
		SolutionGuid = {4027432C-BA5B-4AF6-81EE-AE884302A6FD}
	EndGlobalSection
EndGlobal
